{
  "name": "nextchapter",
  "lockfileVersion": 3,
  "requires": true,
  "packages": {
    "": {
      "dependencies": {
        "@stevebutler2210/nextchapter-design-tokens": "^0.1.0"
      }
    },
    "node_modules/@stevebutler2210/nextchapter-design-tokens": {
      "version": "0.1.0",
      "resolved": "https://npm.pkg.github.com/download/@stevebutler2210/nextchapter-design-tokens/0.1.0/98a2097d44dc9f265828f03a0c637e9e180671bf",
      "integrity": "sha512-rC24XCaZsHRYS+DR1nPypH7JK8lO4pPohX/dZ34qiyj5x+Vuf3ricKZe6rbUguvIpPVdvWb08/2HiYOgDWww8w==",
      "license": "UNLICENSED"
    }
  }
}
